
Microsoft Visual Studio Solution File, Format Version 12.00
# Visual Studio Version 17
VisualStudioVersion = 17.9.34701.34
MinimumVisualStudioVersion = 10.0.40219.1
Project("{FAE04EC0-301F-11D3-BF4B-00C04F79EFBC}") = "jarmuOroklodes", "jarmuOroklodes\jarmuOroklodes.csproj", "{63F2DFAE-C205-47EC-8646-12101C53D4AB}"
EndProject
Global
	GlobalSection(SolutionConfigurationPlatforms) = preSolution
		Debug|Any CPU = Debug|Any CPU
		Release|Any CPU = Release|Any CPU
	EndGlobalSection
	GlobalSection(ProjectConfigurationPlatforms) = postSolution
		{63F2DFAE-C205-47EC-8646-12101C53D4AB}.Debug|Any CPU.ActiveCfg = Debug|Any CPU
		{63F2DFAE-C205-47EC-8646-12101C53D4AB}.Debug|Any CPU.Build.0 = Debug|Any CPU
		{63F2DFAE-C205-47EC-8646-12101C53D4AB}.Release|Any CPU.ActiveCfg = Release|Any CPU
		{63F2DFAE-C205-47EC-8646-12101C53D4AB}.Release|Any CPU.Build.0 = Release|Any CPU
	EndGlobalSection
	GlobalSection(SolutionProperties) = preSolution
		HideSolutionNode = FALSE
	EndGlobalSection
	GlobalSection(ExtensibilityGlobals) = postSolution
		SolutionGuid = {41CAF940-584A-4B0E-BFA4-8AF66B581D56}
	EndGlobalSection
EndGlobal
