
Microsoft Visual Studio Solution File, Format Version 12.00
# Visual Studio Version 17
VisualStudioVersion = 17.9.34701.34
MinimumVisualStudioVersion = 10.0.40219.1
Project("{FAE04EC0-301F-11D3-BF4B-00C04F79EFBC}") = "allat2", "allat2\allat2.csproj", "{D8ACA41D-6437-4DDC-BE59-F22772B5713B}"
EndProject
Global
	GlobalSection(SolutionConfigurationPlatforms) = preSolution
		Debug|Any CPU = Debug|Any CPU
		Release|Any CPU = Release|Any CPU
	EndGlobalSection
	GlobalSection(ProjectConfigurationPlatforms) = postSolution
		{D8ACA41D-6437-4DDC-BE59-F22772B5713B}.Debug|Any CPU.ActiveCfg = Debug|Any CPU
		{D8ACA41D-6437-4DDC-BE59-F22772B5713B}.Debug|Any CPU.Build.0 = Debug|Any CPU
		{D8ACA41D-6437-4DDC-BE59-F22772B5713B}.Release|Any CPU.ActiveCfg = Release|Any CPU
		{D8ACA41D-6437-4DDC-BE59-F22772B5713B}.Release|Any CPU.Build.0 = Release|Any CPU
	EndGlobalSection
	GlobalSection(SolutionProperties) = preSolution
		HideSolutionNode = FALSE
	EndGlobalSection
	GlobalSection(ExtensibilityGlobals) = postSolution
		SolutionGuid = {B8450D81-A878-4270-B29E-EC96128EFE31}
	EndGlobalSection
EndGlobal
